// !$*UTF8*$!
{
	archiveVersion = 1;
	classes = {
	};
	objectVersion = 54;
	objects = {

/* Begin PBXBuildFile section */
		04DF60F0F81E162FEA26F191 /* EditorHistory.swift in Sources */ = {isa = PBXBuildFile; fileRef = 026E3874AD152FB522B477F8 /* EditorHistory.swift */; };
		114ADC128A49A0F39C058EE2 /* EditorCommandTests.swift in Sources */ = {isa = PBXBuildFile; fileRef = DDFA25B1EA2496F8CF6C52C4 /* EditorCommandTests.swift */; };
		221F060F4DF4CB362AF66031 /* EditorShellView.swift in Sources */ = {isa = PBXBuildFile; fileRef = 8D45E8D8BB1417C878B5A20D /* EditorShellView.swift */; };
		24E63F73AC7010D0F1086A67 /* V2Common.swift in Sources */ = {isa = PBXBuildFile; fileRef = 223BB801CC3914BE159ED419 /* V2Common.swift */; };
		2E7EC9992F05007C1E41EB05 /* ToolOptionsPanel.swift in Sources */ = {isa = PBXBuildFile; fileRef = 0DB1BA55BBF87816404A36A6 /* ToolOptionsPanel.swift */; };
		30384148C1554F0464BC6471 /* pexels-followingnyc-38428141.jpg in Resources */ = {isa = PBXBuildFile; fileRef = D994D0D691533F1E434109E3 /* pexels-followingnyc-38428141.jpg */; };
		323F5A19675FA3EDC386D2BF /* VideoFrameCache.swift in Sources */ = {isa = PBXBuildFile; fileRef = 12350CD2CEA7D5E5B7CC7F53 /* VideoFrameCache.swift */; };
		3955003698782D028155A0EA /* flip-3d.json in Resources */ = {isa = PBXBuildFile; fileRef = 4CE8EB9E43A85B9C7BA3DFB9 /* flip-3d.json */; };
		3A10F6E97F5F9F3F354CB52E /* V2PathGeometry.swift in Sources */ = {isa = PBXBuildFile; fileRef = C575089D69354EE40A84041C /* V2PathGeometry.swift */; };
		3B5766DD2EFB94EF86D9C3EB /* EditorNavigationUITests.swift in Sources */ = {isa = PBXBuildFile; fileRef = C06368F577DFEE4AACF0740A /* EditorNavigationUITests.swift */; };
		3DA97954097DED0EDF5DAC53 /* SampleProjectBuilder.swift in Sources */ = {isa = PBXBuildFile; fileRef = BFA06E739731D91BEE43A5C2 /* SampleProjectBuilder.swift */; };
		3E7102B373D4E0D354EE8413 /* TextLayoutCompiler.swift in Sources */ = {isa = PBXBuildFile; fileRef = A861FB582B08DA846A564E09 /* TextLayoutCompiler.swift */; };
		41D16ADCF310990008560997 /* AssetDurationCache.swift in Sources */ = {isa = PBXBuildFile; fileRef = 70AA1E57A8B728F5FA4A6562 /* AssetDurationCache.swift */; };
		42986B956D613EBE510990B1 /* V2Render3D.swift in Sources */ = {isa = PBXBuildFile; fileRef = 139C2ADF4C010CDD5F40CFB5 /* V2Render3D.swift */; };
		4EC3A3595C9DD3CA010A1CEA /* KeyframeSampler.swift in Sources */ = {isa = PBXBuildFile; fileRef = 6A1D9271BEBF5787348D7B99 /* KeyframeSampler.swift */; };
		55E1AEE1C82B248095101E59 /* RootTabView.swift in Sources */ = {isa = PBXBuildFile; fileRef = 0793E05A7F83E1D11B68EE4D /* RootTabView.swift */; };
		57126C2DA267D6F53A4760B2 /* EditorTypes.swift in Sources */ = {isa = PBXBuildFile; fileRef = 5F7B494A7EA4C12799E664F7 /* EditorTypes.swift */; };
		57169611EBCA9185ACA4CAB5 /* V2MotionPath.swift in Sources */ = {isa = PBXBuildFile; fileRef = 405FBF0FBC81893FC1405640 /* V2MotionPath.swift */; };
		585605E60E3D020BA4EAA5E7 /* V2TextLayer.swift in Sources */ = {isa = PBXBuildFile; fileRef = BA1A725849D22CE87008891F /* V2TextLayer.swift */; };
		59AF74CBF13E56D7D7049CE3 /* WaveformCache.swift in Sources */ = {isa = PBXBuildFile; fileRef = 9A1AAC7463B1263FFBCEEACF /* WaveformCache.swift */; };
		5C048E1FABE98C503794E26D /* LaneReflowTests.swift in Sources */ = {isa = PBXBuildFile; fileRef = 9B9800AA11F83D1DA6FBD198 /* LaneReflowTests.swift */; };
		5F8DA4706544CBD444A36B6B /* audio-peaktest.wav in Resources */ = {isa = PBXBuildFile; fileRef = 201C19BA7CF90B9154F22877 /* audio-peaktest.wav */; };
		64020EDCC2401EC4284C245A /* audio-demo.mp3 in Resources */ = {isa = PBXBuildFile; fileRef = D9E70A15D3842A682D889363 /* audio-demo.mp3 */; };
		6B299B9E2D3618F4BD539ADA /* TextPathResolver.swift in Sources */ = {isa = PBXBuildFile; fileRef = A10EB5DD2C25BEA220BC35B0 /* TextPathResolver.swift */; };
		7872440707053F0692018063 /* EditorTextLayer.swift in Sources */ = {isa = PBXBuildFile; fileRef = 5FFD6E8571C2AB7B13CDC9EB /* EditorTextLayer.swift */; };
		7C5FE9D8227DA1347B4A3A2E /* EditorTool.swift in Sources */ = {isa = PBXBuildFile; fileRef = 363E82B76CC991472752F26D /* EditorTool.swift */; };
		82206A6EE387758A9DCB11D4 /* EffectPresets.swift in Sources */ = {isa = PBXBuildFile; fileRef = C80134EE632F50834BA7E76B /* EffectPresets.swift */; };
		8A00E6766A2340228AB89BCE /* loop-spin.json in Resources */ = {isa = PBXBuildFile; fileRef = 21F390B89676A4BA41D1AE08 /* loop-spin.json */; };
		8B80071AE579AC715D3174ED /* V2Mask.swift in Sources */ = {isa = PBXBuildFile; fileRef = 04C11513CBB988CD669E8C45 /* V2Mask.swift */; };
		8BC77D7ED899409B74C0BCE8 /* PreviewCanvas.swift in Sources */ = {isa = PBXBuildFile; fileRef = 64853D52C06499EEA78D0B6B /* PreviewCanvas.swift */; };
		8C55624D6BA2F49440A5EDC3 /* V2Blend.swift in Sources */ = {isa = PBXBuildFile; fileRef = C77E8607EE41B8E641EED053 /* V2Blend.swift */; };
		92EA3B61E201951188D24B32 /* V2Layers.swift in Sources */ = {isa = PBXBuildFile; fileRef = 70F04ADA701054AB417519B7 /* V2Layers.swift */; };
		963E35E4D8BAA9F63C8B864A /* App.swift in Sources */ = {isa = PBXBuildFile; fileRef = 1D9E9A5A7F733C82A4439DC1 /* App.swift */; };
		999E3B356E32340487C94192 /* ProjectsView.swift in Sources */ = {isa = PBXBuildFile; fileRef = C25F5C94FEF5EF01246456C8 /* ProjectsView.swift */; };
		9F2A51D3465DE2BED173A791 /* KeyframeSamplerTests.swift in Sources */ = {isa = PBXBuildFile; fileRef = 3973B088EF6ABB20404385A9 /* KeyframeSamplerTests.swift */; };
		A7D28C704E89A7B9E941B424 /* V2Clip.swift in Sources */ = {isa = PBXBuildFile; fileRef = 32D3ACF9C23F4987B1B4BB03 /* V2Clip.swift */; };
		AB091433F5DECD1AF443FCAB /* HomeView.swift in Sources */ = {isa = PBXBuildFile; fileRef = 0730E6ADE526B3C545A09BD5 /* HomeView.swift */; };
		AB1296E0F747FF45D0689A11 /* EditorCommand.swift in Sources */ = {isa = PBXBuildFile; fileRef = EFD6B96CB563ECDC08F52672 /* EditorCommand.swift */; };
		AFBAE3D124AD6D6084B4FF06 /* V2Filter.swift in Sources */ = {isa = PBXBuildFile; fileRef = BE7E50DA11A8887C9B85D7E1 /* V2Filter.swift */; };
		B05FBA818773C67C2E515114 /* MotionPathResolver.swift in Sources */ = {isa = PBXBuildFile; fileRef = 765759A1DF4D1E7A6CA84983 /* MotionPathResolver.swift */; };
		B46C9336E6D2B2F41DA4EBFB /* 13792197_1080_1920_30fps.mp4 in Resources */ = {isa = PBXBuildFile; fileRef = 1E5A25985F8E7BACD08EA547 /* 13792197_1080_1920_30fps.mp4 */; };
		B8CB407D32CBC96F0B37520E /* AccountView.swift in Sources */ = {isa = PBXBuildFile; fileRef = E479FCDDF55D7BFDEBDCBB07 /* AccountView.swift */; };
		B99F437E015CBE6BD02B1E12 /* V2Audio.swift in Sources */ = {isa = PBXBuildFile; fileRef = AC3CFB9D222CA19F9F0D7038 /* V2Audio.swift */; };
		BAA228519B237836FF4813D2 /* ProtocolCodableTests.swift in Sources */ = {isa = PBXBuildFile; fileRef = 4282E3502362639603E1394C /* ProtocolCodableTests.swift */; };
		BE425A2046BCCE37F54321D5 /* PresetCompiler.swift in Sources */ = {isa = PBXBuildFile; fileRef = 5C5F719E12D1DB789F812AD9 /* PresetCompiler.swift */; };
		C369F348D30392485B57A9F3 /* EditorToolbarView.swift in Sources */ = {isa = PBXBuildFile; fileRef = 352718A54CD22545D51E267B /* EditorToolbarView.swift */; };
		CA80A040837A9D6160842A9E /* PathFlattening.swift in Sources */ = {isa = PBXBuildFile; fileRef = DF7066DF59D45CE88F9100FD /* PathFlattening.swift */; };
		CB23669CCFE3E2715C22282F /* V2Types.swift in Sources */ = {isa = PBXBuildFile; fileRef = C8D3B62B5B58444CE13B0427 /* V2Types.swift */; };
		D032430AEBD346BCD0A79C16 /* V2Markers.swift in Sources */ = {isa = PBXBuildFile; fileRef = 7B4640ADC5C35705D1D47BBC /* V2Markers.swift */; };
		D248B79459CCAAB13D69E8BC /* VideoPlayerLayerView.swift in Sources */ = {isa = PBXBuildFile; fileRef = 245DF60CF30C94FC90C83BC4 /* VideoPlayerLayerView.swift */; };
		E63B52EE8409A73A9A0E8D01 /* fade-out-end-anchor.json in Resources */ = {isa = PBXBuildFile; fileRef = E3064C32E6E6307A75AF9323 /* fade-out-end-anchor.json */; };
		F095F094D750E141AAAECA27 /* TimelineView.swift in Sources */ = {isa = PBXBuildFile; fileRef = 5A1331B331FC108EA6F39EFD /* TimelineView.swift */; };
		F579D3AD292BF31B144329DE /* 12253998_1920_1080_30fps.mp4 in Resources */ = {isa = PBXBuildFile; fileRef = AF9CDCEAFA851087D6BEAA95 /* 12253998_1920_1080_30fps.mp4 */; };
		F9C38F9B5666DB37CE25805C /* V2View.swift in Sources */ = {isa = PBXBuildFile; fileRef = 9CA7E58F799D288F23AD5664 /* V2View.swift */; };
		FAA1E137D90783B32BDFB5CF /* V2Paint.swift in Sources */ = {isa = PBXBuildFile; fileRef = 6D43718159CC04817D72D983 /* V2Paint.swift */; };
/* End PBXBuildFile section */

/* Begin PBXContainerItemProxy section */
		61076F076F317ED391C6C068 /* PBXContainerItemProxy */ = {
			isa = PBXContainerItemProxy;
			containerPortal = 4D557A8450E778D81C8785CB /* Project object */;
			proxyType = 1;
			remoteGlobalIDString = 389143862166BD5C8C9665BE;
			remoteInfo = NeonixEditor;
		};
		9CAAD204370CF10981B9DBD5 /* PBXContainerItemProxy */ = {
			isa = PBXContainerItemProxy;
			containerPortal = 4D557A8450E778D81C8785CB /* Project object */;
			proxyType = 1;
			remoteGlobalIDString = 389143862166BD5C8C9665BE;
			remoteInfo = NeonixEditor;
		};
/* End PBXContainerItemProxy section */

/* Begin PBXFileReference section */
		026E3874AD152FB522B477F8 /* EditorHistory.swift */ = {isa = PBXFileReference; lastKnownFileType = sourcecode.swift; path = EditorHistory.swift; sourceTree = "<group>"; };
		04C11513CBB988CD669E8C45 /* V2Mask.swift */ = {isa = PBXFileReference; lastKnownFileType = sourcecode.swift; path = V2Mask.swift; sourceTree = "<group>"; };
		0730E6ADE526B3C545A09BD5 /* HomeView.swift */ = {isa = PBXFileReference; lastKnownFileType = sourcecode.swift; path = HomeView.swift; sourceTree = "<group>"; };
		0793E05A7F83E1D11B68EE4D /* RootTabView.swift */ = {isa = PBXFileReference; lastKnownFileType = sourcecode.swift; path = RootTabView.swift; sourceTree = "<group>"; };
		0D842949652A4D073BFDA540 /* NeonixEditorTests.xctest */ = {isa = PBXFileReference; includeInIndex = 0; lastKnownFileType = wrapper.cfbundle; path = NeonixEditorTests.xctest; sourceTree = BUILT_PRODUCTS_DIR; };
		0DB1BA55BBF87816404A36A6 /* ToolOptionsPanel.swift */ = {isa = PBXFileReference; lastKnownFileType = sourcecode.swift; path = ToolOptionsPanel.swift; sourceTree = "<group>"; };
		12350CD2CEA7D5E5B7CC7F53 /* VideoFrameCache.swift */ = {isa = PBXFileReference; lastKnownFileType = sourcecode.swift; path = VideoFrameCache.swift; sourceTree = "<group>"; };
		139C2ADF4C010CDD5F40CFB5 /* V2Render3D.swift */ = {isa = PBXFileReference; lastKnownFileType = sourcecode.swift; path = V2Render3D.swift; sourceTree = "<group>"; };
		1D9E9A5A7F733C82A4439DC1 /* App.swift */ = {isa = PBXFileReference; lastKnownFileType = sourcecode.swift; path = App.swift; sourceTree = "<group>"; };
		1E5A25985F8E7BACD08EA547 /* 13792197_1080_1920_30fps.mp4 */ = {isa = PBXFileReference; path = 13792197_1080_1920_30fps.mp4; sourceTree = "<group>"; };
		201C19BA7CF90B9154F22877 /* audio-peaktest.wav */ = {isa = PBXFileReference; lastKnownFileType = audio.wav; path = "audio-peaktest.wav"; sourceTree = "<group>"; };
		21F390B89676A4BA41D1AE08 /* loop-spin.json */ = {isa = PBXFileReference; lastKnownFileType = text.json; path = "loop-spin.json"; sourceTree = "<group>"; };
		223BB801CC3914BE159ED419 /* V2Common.swift */ = {isa = PBXFileReference; lastKnownFileType = sourcecode.swift; path = V2Common.swift; sourceTree = "<group>"; };
		245DF60CF30C94FC90C83BC4 /* VideoPlayerLayerView.swift */ = {isa = PBXFileReference; lastKnownFileType = sourcecode.swift; path = VideoPlayerLayerView.swift; sourceTree = "<group>"; };
		32D3ACF9C23F4987B1B4BB03 /* V2Clip.swift */ = {isa = PBXFileReference; lastKnownFileType = sourcecode.swift; path = V2Clip.swift; sourceTree = "<group>"; };
		352718A54CD22545D51E267B /* EditorToolbarView.swift */ = {isa = PBXFileReference; lastKnownFileType = sourcecode.swift; path = EditorToolbarView.swift; sourceTree = "<group>"; };
		363E82B76CC991472752F26D /* EditorTool.swift */ = {isa = PBXFileReference; lastKnownFileType = sourcecode.swift; path = EditorTool.swift; sourceTree = "<group>"; };
		3973B088EF6ABB20404385A9 /* KeyframeSamplerTests.swift */ = {isa = PBXFileReference; lastKnownFileType = sourcecode.swift; path = KeyframeSamplerTests.swift; sourceTree = "<group>"; };
		405FBF0FBC81893FC1405640 /* V2MotionPath.swift */ = {isa = PBXFileReference; lastKnownFileType = sourcecode.swift; path = V2MotionPath.swift; sourceTree = "<group>"; };
		4282E3502362639603E1394C /* ProtocolCodableTests.swift */ = {isa = PBXFileReference; lastKnownFileType = sourcecode.swift; path = ProtocolCodableTests.swift; sourceTree = "<group>"; };
		4CE8EB9E43A85B9C7BA3DFB9 /* flip-3d.json */ = {isa = PBXFileReference; lastKnownFileType = text.json; path = "flip-3d.json"; sourceTree = "<group>"; };
		5A1331B331FC108EA6F39EFD /* TimelineView.swift */ = {isa = PBXFileReference; lastKnownFileType = sourcecode.swift; path = TimelineView.swift; sourceTree = "<group>"; };
		5C5F719E12D1DB789F812AD9 /* PresetCompiler.swift */ = {isa = PBXFileReference; lastKnownFileType = sourcecode.swift; path = PresetCompiler.swift; sourceTree = "<group>"; };
		5F7B494A7EA4C12799E664F7 /* EditorTypes.swift */ = {isa = PBXFileReference; lastKnownFileType = sourcecode.swift; path = EditorTypes.swift; sourceTree = "<group>"; };
		5FFD6E8571C2AB7B13CDC9EB /* EditorTextLayer.swift */ = {isa = PBXFileReference; lastKnownFileType = sourcecode.swift; path = EditorTextLayer.swift; sourceTree = "<group>"; };
		64853D52C06499EEA78D0B6B /* PreviewCanvas.swift */ = {isa = PBXFileReference; lastKnownFileType = sourcecode.swift; path = PreviewCanvas.swift; sourceTree = "<group>"; };
		6A1D9271BEBF5787348D7B99 /* KeyframeSampler.swift */ = {isa = PBXFileReference; lastKnownFileType = sourcecode.swift; path = KeyframeSampler.swift; sourceTree = "<group>"; };
		6D43718159CC04817D72D983 /* V2Paint.swift */ = {isa = PBXFileReference; lastKnownFileType = sourcecode.swift; path = V2Paint.swift; sourceTree = "<group>"; };
		70AA1E57A8B728F5FA4A6562 /* AssetDurationCache.swift */ = {isa = PBXFileReference; lastKnownFileType = sourcecode.swift; path = AssetDurationCache.swift; sourceTree = "<group>"; };
		70F04ADA701054AB417519B7 /* V2Layers.swift */ = {isa = PBXFileReference; lastKnownFileType = sourcecode.swift; path = V2Layers.swift; sourceTree = "<group>"; };
		765759A1DF4D1E7A6CA84983 /* MotionPathResolver.swift */ = {isa = PBXFileReference; lastKnownFileType = sourcecode.swift; path = MotionPathResolver.swift; sourceTree = "<group>"; };
		7B4640ADC5C35705D1D47BBC /* V2Markers.swift */ = {isa = PBXFileReference; lastKnownFileType = sourcecode.swift; path = V2Markers.swift; sourceTree = "<group>"; };
		7F39E4D6A23812EB175EC4C6 /* NeonixEditorUITests.xctest */ = {isa = PBXFileReference; includeInIndex = 0; lastKnownFileType = wrapper.cfbundle; path = NeonixEditorUITests.xctest; sourceTree = BUILT_PRODUCTS_DIR; };
		8D45E8D8BB1417C878B5A20D /* EditorShellView.swift */ = {isa = PBXFileReference; lastKnownFileType = sourcecode.swift; path = EditorShellView.swift; sourceTree = "<group>"; };
		9A1AAC7463B1263FFBCEEACF /* WaveformCache.swift */ = {isa = PBXFileReference; lastKnownFileType = sourcecode.swift; path = WaveformCache.swift; sourceTree = "<group>"; };
		9B9800AA11F83D1DA6FBD198 /* LaneReflowTests.swift */ = {isa = PBXFileReference; lastKnownFileType = sourcecode.swift; path = LaneReflowTests.swift; sourceTree = "<group>"; };
		9CA7E58F799D288F23AD5664 /* V2View.swift */ = {isa = PBXFileReference; lastKnownFileType = sourcecode.swift; path = V2View.swift; sourceTree = "<group>"; };
		A10EB5DD2C25BEA220BC35B0 /* TextPathResolver.swift */ = {isa = PBXFileReference; lastKnownFileType = sourcecode.swift; path = TextPathResolver.swift; sourceTree = "<group>"; };
		A861FB582B08DA846A564E09 /* TextLayoutCompiler.swift */ = {isa = PBXFileReference; lastKnownFileType = sourcecode.swift; path = TextLayoutCompiler.swift; sourceTree = "<group>"; };
		AC3CFB9D222CA19F9F0D7038 /* V2Audio.swift */ = {isa = PBXFileReference; lastKnownFileType = sourcecode.swift; path = V2Audio.swift; sourceTree = "<group>"; };
		AF9CDCEAFA851087D6BEAA95 /* 12253998_1920_1080_30fps.mp4 */ = {isa = PBXFileReference; path = 12253998_1920_1080_30fps.mp4; sourceTree = "<group>"; };
		B82E6D52EFB383C20FFACA31 /* NeonixEditor.app */ = {isa = PBXFileReference; includeInIndex = 0; lastKnownFileType = wrapper.application; path = NeonixEditor.app; sourceTree = BUILT_PRODUCTS_DIR; };
		BA1A725849D22CE87008891F /* V2TextLayer.swift */ = {isa = PBXFileReference; lastKnownFileType = sourcecode.swift; path = V2TextLayer.swift; sourceTree = "<group>"; };
		BE7E50DA11A8887C9B85D7E1 /* V2Filter.swift */ = {isa = PBXFileReference; lastKnownFileType = sourcecode.swift; path = V2Filter.swift; sourceTree = "<group>"; };
		BFA06E739731D91BEE43A5C2 /* SampleProjectBuilder.swift */ = {isa = PBXFileReference; lastKnownFileType = sourcecode.swift; path = SampleProjectBuilder.swift; sourceTree = "<group>"; };
		C06368F577DFEE4AACF0740A /* EditorNavigationUITests.swift */ = {isa = PBXFileReference; lastKnownFileType = sourcecode.swift; path = EditorNavigationUITests.swift; sourceTree = "<group>"; };
		C25F5C94FEF5EF01246456C8 /* ProjectsView.swift */ = {isa = PBXFileReference; lastKnownFileType = sourcecode.swift; path = ProjectsView.swift; sourceTree = "<group>"; };
		C575089D69354EE40A84041C /* V2PathGeometry.swift */ = {isa = PBXFileReference; lastKnownFileType = sourcecode.swift; path = V2PathGeometry.swift; sourceTree = "<group>"; };
		C77E8607EE41B8E641EED053 /* V2Blend.swift */ = {isa = PBXFileReference; lastKnownFileType = sourcecode.swift; path = V2Blend.swift; sourceTree = "<group>"; };
		C80134EE632F50834BA7E76B /* EffectPresets.swift */ = {isa = PBXFileReference; lastKnownFileType = sourcecode.swift; path = EffectPresets.swift; sourceTree = "<group>"; };
		C8D3B62B5B58444CE13B0427 /* V2Types.swift */ = {isa = PBXFileReference; lastKnownFileType = sourcecode.swift; path = V2Types.swift; sourceTree = "<group>"; };
		D994D0D691533F1E434109E3 /* pexels-followingnyc-38428141.jpg */ = {isa = PBXFileReference; lastKnownFileType = image.jpeg; path = "pexels-followingnyc-38428141.jpg"; sourceTree = "<group>"; };
		D9E70A15D3842A682D889363 /* audio-demo.mp3 */ = {isa = PBXFileReference; lastKnownFileType = audio.mp3; path = "audio-demo.mp3"; sourceTree = "<group>"; };
		DDFA25B1EA2496F8CF6C52C4 /* EditorCommandTests.swift */ = {isa = PBXFileReference; lastKnownFileType = sourcecode.swift; path = EditorCommandTests.swift; sourceTree = "<group>"; };
		DF7066DF59D45CE88F9100FD /* PathFlattening.swift */ = {isa = PBXFileReference; lastKnownFileType = sourcecode.swift; path = PathFlattening.swift; sourceTree = "<group>"; };
		E3064C32E6E6307A75AF9323 /* fade-out-end-anchor.json */ = {isa = PBXFileReference; lastKnownFileType = text.json; path = "fade-out-end-anchor.json"; sourceTree = "<group>"; };
		E479FCDDF55D7BFDEBDCBB07 /* AccountView.swift */ = {isa = PBXFileReference; lastKnownFileType = sourcecode.swift; path = AccountView.swift; sourceTree = "<group>"; };
		EFD6B96CB563ECDC08F52672 /* EditorCommand.swift */ = {isa = PBXFileReference; lastKnownFileType = sourcecode.swift; path = EditorCommand.swift; sourceTree = "<group>"; };
/* End PBXFileReference section */

/* Begin PBXGroup section */
		07A1B3281C41FA62756BFB32 = {
			isa = PBXGroup;
			children = (
				C088E46DA67F4449A6BAFBB1 /* AppModule */,
				CA408B93BDFA3F7A2E4137BB /* AppModuleTests */,
				E08AE7B5456BB68663EEC871 /* Resources */,
				E0A5D7D894686EE3B5C3F1BE /* UITests */,
				A817D77CCF6F656FD33F1678 /* Products */,
			);
			sourceTree = "<group>";
		};
		44E3268FD79E964A43904160 /* Home */ = {
			isa = PBXGroup;
			children = (
				0730E6ADE526B3C545A09BD5 /* HomeView.swift */,
			);
			path = Home;
			sourceTree = "<group>";
		};
		44FECB0F61D131A077EDBECD /* Media */ = {
			isa = PBXGroup;
			children = (
				AF9CDCEAFA851087D6BEAA95 /* 12253998_1920_1080_30fps.mp4 */,
				1E5A25985F8E7BACD08EA547 /* 13792197_1080_1920_30fps.mp4 */,
				D9E70A15D3842A682D889363 /* audio-demo.mp3 */,
				201C19BA7CF90B9154F22877 /* audio-peaktest.wav */,
				D994D0D691533F1E434109E3 /* pexels-followingnyc-38428141.jpg */,
			);
			path = Media;
			sourceTree = "<group>";
		};
		5AC83BB27838C84586F2ACBC /* Editor */ = {
			isa = PBXGroup;
			children = (
				EFD6B96CB563ECDC08F52672 /* EditorCommand.swift */,
				026E3874AD152FB522B477F8 /* EditorHistory.swift */,
				8D45E8D8BB1417C878B5A20D /* EditorShellView.swift */,
				363E82B76CC991472752F26D /* EditorTool.swift */,
				352718A54CD22545D51E267B /* EditorToolbarView.swift */,
				5A1331B331FC108EA6F39EFD /* TimelineView.swift */,
				0DB1BA55BBF87816404A36A6 /* ToolOptionsPanel.swift */,
			);
			path = Editor;
			sourceTree = "<group>";
		};
		5C64CD689A90249A1D0A9A83 /* Runtime */ = {
			isa = PBXGroup;
			children = (
				70AA1E57A8B728F5FA4A6562 /* AssetDurationCache.swift */,
				6A1D9271BEBF5787348D7B99 /* KeyframeSampler.swift */,
				765759A1DF4D1E7A6CA84983 /* MotionPathResolver.swift */,
				DF7066DF59D45CE88F9100FD /* PathFlattening.swift */,
				12350CD2CEA7D5E5B7CC7F53 /* VideoFrameCache.swift */,
				9A1AAC7463B1263FFBCEEACF /* WaveformCache.swift */,
			);
			path = Runtime;
			sourceTree = "<group>";
		};
		5F68CCBB2BCF853D681C8113 /* Account */ = {
			isa = PBXGroup;
			children = (
				E479FCDDF55D7BFDEBDCBB07 /* AccountView.swift */,
			);
			path = Account;
			sourceTree = "<group>";
		};
		683244E63815575544E1AF03 /* Fixtures */ = {
			isa = PBXGroup;
			children = (
				E3064C32E6E6307A75AF9323 /* fade-out-end-anchor.json */,
				4CE8EB9E43A85B9C7BA3DFB9 /* flip-3d.json */,
				21F390B89676A4BA41D1AE08 /* loop-spin.json */,
			);
			path = Fixtures;
			sourceTree = "<group>";
		};
		973941742DA543561C590A56 /* Protocol */ = {
			isa = PBXGroup;
			children = (
				AC3CFB9D222CA19F9F0D7038 /* V2Audio.swift */,
				C77E8607EE41B8E641EED053 /* V2Blend.swift */,
				32D3ACF9C23F4987B1B4BB03 /* V2Clip.swift */,
				223BB801CC3914BE159ED419 /* V2Common.swift */,
				BE7E50DA11A8887C9B85D7E1 /* V2Filter.swift */,
				70F04ADA701054AB417519B7 /* V2Layers.swift */,
				7B4640ADC5C35705D1D47BBC /* V2Markers.swift */,
				04C11513CBB988CD669E8C45 /* V2Mask.swift */,
				405FBF0FBC81893FC1405640 /* V2MotionPath.swift */,
				6D43718159CC04817D72D983 /* V2Paint.swift */,
				C575089D69354EE40A84041C /* V2PathGeometry.swift */,
				139C2ADF4C010CDD5F40CFB5 /* V2Render3D.swift */,
				BA1A725849D22CE87008891F /* V2TextLayer.swift */,
				C8D3B62B5B58444CE13B0427 /* V2Types.swift */,
				9CA7E58F799D288F23AD5664 /* V2View.swift */,
			);
			path = Protocol;
			sourceTree = "<group>";
		};
		A817D77CCF6F656FD33F1678 /* Products */ = {
			isa = PBXGroup;
			children = (
				B82E6D52EFB383C20FFACA31 /* NeonixEditor.app */,
				0D842949652A4D073BFDA540 /* NeonixEditorTests.xctest */,
				7F39E4D6A23812EB175EC4C6 /* NeonixEditorUITests.xctest */,
			);
			name = Products;
			sourceTree = "<group>";
		};
		C088E46DA67F4449A6BAFBB1 /* AppModule */ = {
			isa = PBXGroup;
			children = (
				1D9E9A5A7F733C82A4439DC1 /* App.swift */,
				F839889FD42ECB08D6B6DA07 /* EditorDocument */,
				973941742DA543561C590A56 /* Protocol */,
				5C64CD689A90249A1D0A9A83 /* Runtime */,
				C43708708F363602634A35FC /* UI */,
			);
			name = AppModule;
			path = "ios-editor/Sources/AppModule";
			sourceTree = "<group>";
		};
		C43708708F363602634A35FC /* UI */ = {
			isa = PBXGroup;
			children = (
				64853D52C06499EEA78D0B6B /* PreviewCanvas.swift */,
				0793E05A7F83E1D11B68EE4D /* RootTabView.swift */,
				245DF60CF30C94FC90C83BC4 /* VideoPlayerLayerView.swift */,
				5F68CCBB2BCF853D681C8113 /* Account */,
				5AC83BB27838C84586F2ACBC /* Editor */,
				44E3268FD79E964A43904160 /* Home */,
				D2A3C16A96563D64EE861441 /* Projects */,
			);
			path = UI;
			sourceTree = "<group>";
		};
		CA408B93BDFA3F7A2E4137BB /* AppModuleTests */ = {
			isa = PBXGroup;
			children = (
				DDFA25B1EA2496F8CF6C52C4 /* EditorCommandTests.swift */,
				3973B088EF6ABB20404385A9 /* KeyframeSamplerTests.swift */,
				9B9800AA11F83D1DA6FBD198 /* LaneReflowTests.swift */,
				4282E3502362639603E1394C /* ProtocolCodableTests.swift */,
			);
			name = AppModuleTests;
			path = "ios-editor/Tests/AppModuleTests";
			sourceTree = "<group>";
		};
		D2A3C16A96563D64EE861441 /* Projects */ = {
			isa = PBXGroup;
			children = (
				C25F5C94FEF5EF01246456C8 /* ProjectsView.swift */,
			);
			path = Projects;
			sourceTree = "<group>";
		};
		E08AE7B5456BB68663EEC871 /* Resources */ = {
			isa = PBXGroup;
			children = (
				683244E63815575544E1AF03 /* Fixtures */,
				44FECB0F61D131A077EDBECD /* Media */,
			);
			name = Resources;
			path = "ios-editor/Sources/AppModule/Resources";
			sourceTree = "<group>";
		};
		E0A5D7D894686EE3B5C3F1BE /* UITests */ = {
			isa = PBXGroup;
			children = (
				C06368F577DFEE4AACF0740A /* EditorNavigationUITests.swift */,
			);
			name = UITests;
			path = "ios-editor/UITests";
			sourceTree = "<group>";
		};
		F839889FD42ECB08D6B6DA07 /* EditorDocument */ = {
			isa = PBXGroup;
			children = (
				5FFD6E8571C2AB7B13CDC9EB /* EditorTextLayer.swift */,
				5F7B494A7EA4C12799E664F7 /* EditorTypes.swift */,
				C80134EE632F50834BA7E76B /* EffectPresets.swift */,
				5C5F719E12D1DB789F812AD9 /* PresetCompiler.swift */,
				BFA06E739731D91BEE43A5C2 /* SampleProjectBuilder.swift */,
				A861FB582B08DA846A564E09 /* TextLayoutCompiler.swift */,
				A10EB5DD2C25BEA220BC35B0 /* TextPathResolver.swift */,
			);
			path = EditorDocument;
			sourceTree = "<group>";
		};
/* End PBXGroup section */

/* Begin PBXNativeTarget section */
		316770A0D542391D870BD9AA /* NeonixEditorTests */ = {
			isa = PBXNativeTarget;
			buildConfigurationList = D3D1928DAD84AE9F00244111 /* Build configuration list for PBXNativeTarget "NeonixEditorTests" */;
			buildPhases = (
				7AF0652EA15947F540C4613C /* Sources */,
			);
			buildRules = (
			);
			dependencies = (
				B9D560FAC3CC113D317241A3 /* PBXTargetDependency */,
			);
			name = NeonixEditorTests;
			productName = NeonixEditorTests;
			productReference = 0D842949652A4D073BFDA540 /* NeonixEditorTests.xctest */;
			productType = "com.apple.product-type.bundle.unit-test";
		};
		389143862166BD5C8C9665BE /* NeonixEditor */ = {
			isa = PBXNativeTarget;
			buildConfigurationList = 469D2754CC2DC3866D0DFA3B /* Build configuration list for PBXNativeTarget "NeonixEditor" */;
			buildPhases = (
				33E5C92D0C9CF3010D96A764 /* Sources */,
				E73E7760C9D625EDAE64CB63 /* Resources */,
			);
			buildRules = (
			);
			dependencies = (
			);
			name = NeonixEditor;
			productName = NeonixEditor;
			productReference = B82E6D52EFB383C20FFACA31 /* NeonixEditor.app */;
			productType = "com.apple.product-type.application";
		};
		A689A4C30FA5DC2FCD38126F /* NeonixEditorUITests */ = {
			isa = PBXNativeTarget;
			buildConfigurationList = 61A8D8F76A7965FC26CAAC86 /* Build configuration list for PBXNativeTarget "NeonixEditorUITests" */;
			buildPhases = (
				114BB4A140EBC2E4D897A1DB /* Sources */,
			);
			buildRules = (
			);
			dependencies = (
				81E121B247B104EEFAA7303C /* PBXTargetDependency */,
			);
			name = NeonixEditorUITests;
			productName = NeonixEditorUITests;
			productReference = 7F39E4D6A23812EB175EC4C6 /* NeonixEditorUITests.xctest */;
			productType = "com.apple.product-type.bundle.ui-testing";
		};
/* End PBXNativeTarget section */

/* Begin PBXProject section */
		4D557A8450E778D81C8785CB /* Project object */ = {
			isa = PBXProject;
			attributes = {
				BuildIndependentTargetsInParallel = YES;
				LastUpgradeCheck = 1430;
				TargetAttributes = {
					389143862166BD5C8C9665BE = {
						DevelopmentTeam = 5BZL4WMZ53;
						ProvisioningStyle = Automatic;
					};
					A689A4C30FA5DC2FCD38126F = {
						TestTargetID = 389143862166BD5C8C9665BE;
					};
				};
			};
			buildConfigurationList = 3BC4A4AFFF822DD78ADE70CF /* Build configuration list for PBXProject "NeonixEditor" */;
			compatibilityVersion = "Xcode 14.0";
			developmentRegion = en;
			hasScannedForEncodings = 0;
			knownRegions = (
				Base,
				en,
			);
			mainGroup = 07A1B3281C41FA62756BFB32;
			projectDirPath = "";
			projectRoot = "";
			targets = (
				389143862166BD5C8C9665BE /* NeonixEditor */,
				316770A0D542391D870BD9AA /* NeonixEditorTests */,
				A689A4C30FA5DC2FCD38126F /* NeonixEditorUITests */,
			);
		};
/* End PBXProject section */

/* Begin PBXResourcesBuildPhase section */
		E73E7760C9D625EDAE64CB63 /* Resources */ = {
			isa = PBXResourcesBuildPhase;
			buildActionMask = 2147483647;
			files = (
				F579D3AD292BF31B144329DE /* 12253998_1920_1080_30fps.mp4 in Resources */,
				B46C9336E6D2B2F41DA4EBFB /* 13792197_1080_1920_30fps.mp4 in Resources */,
				64020EDCC2401EC4284C245A /* audio-demo.mp3 in Resources */,
				5F8DA4706544CBD444A36B6B /* audio-peaktest.wav in Resources */,
				E63B52EE8409A73A9A0E8D01 /* fade-out-end-anchor.json in Resources */,
				3955003698782D028155A0EA /* flip-3d.json in Resources */,
				8A00E6766A2340228AB89BCE /* loop-spin.json in Resources */,
				30384148C1554F0464BC6471 /* pexels-followingnyc-38428141.jpg in Resources */,
			);
			runOnlyForDeploymentPostprocessing = 0;
		};
/* End PBXResourcesBuildPhase section */

/* Begin PBXSourcesBuildPhase section */
		114BB4A140EBC2E4D897A1DB /* Sources */ = {
			isa = PBXSourcesBuildPhase;
			buildActionMask = 2147483647;
			files = (
				3B5766DD2EFB94EF86D9C3EB /* EditorNavigationUITests.swift in Sources */,
			);
			runOnlyForDeploymentPostprocessing = 0;
		};
		33E5C92D0C9CF3010D96A764 /* Sources */ = {
			isa = PBXSourcesBuildPhase;
			buildActionMask = 2147483647;
			files = (
				B8CB407D32CBC96F0B37520E /* AccountView.swift in Sources */,
				963E35E4D8BAA9F63C8B864A /* App.swift in Sources */,
				41D16ADCF310990008560997 /* AssetDurationCache.swift in Sources */,
				AB1296E0F747FF45D0689A11 /* EditorCommand.swift in Sources */,
				04DF60F0F81E162FEA26F191 /* EditorHistory.swift in Sources */,
				221F060F4DF4CB362AF66031 /* EditorShellView.swift in Sources */,
				7872440707053F0692018063 /* EditorTextLayer.swift in Sources */,
				7C5FE9D8227DA1347B4A3A2E /* EditorTool.swift in Sources */,
				C369F348D30392485B57A9F3 /* EditorToolbarView.swift in Sources */,
				57126C2DA267D6F53A4760B2 /* EditorTypes.swift in Sources */,
				82206A6EE387758A9DCB11D4 /* EffectPresets.swift in Sources */,
				AB091433F5DECD1AF443FCAB /* HomeView.swift in Sources */,
				4EC3A3595C9DD3CA010A1CEA /* KeyframeSampler.swift in Sources */,
				B05FBA818773C67C2E515114 /* MotionPathResolver.swift in Sources */,
				CA80A040837A9D6160842A9E /* PathFlattening.swift in Sources */,
				BE425A2046BCCE37F54321D5 /* PresetCompiler.swift in Sources */,
				8BC77D7ED899409B74C0BCE8 /* PreviewCanvas.swift in Sources */,
				999E3B356E32340487C94192 /* ProjectsView.swift in Sources */,
				55E1AEE1C82B248095101E59 /* RootTabView.swift in Sources */,
				3DA97954097DED0EDF5DAC53 /* SampleProjectBuilder.swift in Sources */,
				3E7102B373D4E0D354EE8413 /* TextLayoutCompiler.swift in Sources */,
				6B299B9E2D3618F4BD539ADA /* TextPathResolver.swift in Sources */,
				F095F094D750E141AAAECA27 /* TimelineView.swift in Sources */,
				2E7EC9992F05007C1E41EB05 /* ToolOptionsPanel.swift in Sources */,
				B99F437E015CBE6BD02B1E12 /* V2Audio.swift in Sources */,
				8C55624D6BA2F49440A5EDC3 /* V2Blend.swift in Sources */,
				A7D28C704E89A7B9E941B424 /* V2Clip.swift in Sources */,
				24E63F73AC7010D0F1086A67 /* V2Common.swift in Sources */,
				AFBAE3D124AD6D6084B4FF06 /* V2Filter.swift in Sources */,
				92EA3B61E201951188D24B32 /* V2Layers.swift in Sources */,
				D032430AEBD346BCD0A79C16 /* V2Markers.swift in Sources */,
				8B80071AE579AC715D3174ED /* V2Mask.swift in Sources */,
				57169611EBCA9185ACA4CAB5 /* V2MotionPath.swift in Sources */,
				FAA1E137D90783B32BDFB5CF /* V2Paint.swift in Sources */,
				3A10F6E97F5F9F3F354CB52E /* V2PathGeometry.swift in Sources */,
				42986B956D613EBE510990B1 /* V2Render3D.swift in Sources */,
				585605E60E3D020BA4EAA5E7 /* V2TextLayer.swift in Sources */,
				CB23669CCFE3E2715C22282F /* V2Types.swift in Sources */,
				F9C38F9B5666DB37CE25805C /* V2View.swift in Sources */,
				323F5A19675FA3EDC386D2BF /* VideoFrameCache.swift in Sources */,
				D248B79459CCAAB13D69E8BC /* VideoPlayerLayerView.swift in Sources */,
				59AF74CBF13E56D7D7049CE3 /* WaveformCache.swift in Sources */,
			);
			runOnlyForDeploymentPostprocessing = 0;
		};
		7AF0652EA15947F540C4613C /* Sources */ = {
			isa = PBXSourcesBuildPhase;
			buildActionMask = 2147483647;
			files = (
				114ADC128A49A0F39C058EE2 /* EditorCommandTests.swift in Sources */,
				9F2A51D3465DE2BED173A791 /* KeyframeSamplerTests.swift in Sources */,
				5C048E1FABE98C503794E26D /* LaneReflowTests.swift in Sources */,
				BAA228519B237836FF4813D2 /* ProtocolCodableTests.swift in Sources */,
			);
			runOnlyForDeploymentPostprocessing = 0;
		};
/* End PBXSourcesBuildPhase section */

/* Begin PBXTargetDependency section */
		81E121B247B104EEFAA7303C /* PBXTargetDependency */ = {
			isa = PBXTargetDependency;
			target = 389143862166BD5C8C9665BE /* NeonixEditor */;
			targetProxy = 61076F076F317ED391C6C068 /* PBXContainerItemProxy */;
		};
		B9D560FAC3CC113D317241A3 /* PBXTargetDependency */ = {
			isa = PBXTargetDependency;
			target = 389143862166BD5C8C9665BE /* NeonixEditor */;
			targetProxy = 9CAAD204370CF10981B9DBD5 /* PBXContainerItemProxy */;
		};
/* End PBXTargetDependency section */

/* Begin XCBuildConfiguration section */
		0199055871D834E14E2593BD /* Debug */ = {
			isa = XCBuildConfiguration;
			buildSettings = {
				BUNDLE_LOADER = "$(TEST_HOST)";
				GENERATE_INFOPLIST_FILE = YES;
				LD_RUNPATH_SEARCH_PATHS = (
					"$(inherited)",
					"@executable_path/Frameworks",
					"@loader_path/Frameworks",
				);
				SDKROOT = iphoneos;
				SWIFT_VERSION = 5.0;
				TARGETED_DEVICE_FAMILY = "1,2";
				TEST_HOST = "$(BUILT_PRODUCTS_DIR)/NeonixEditor.app/NeonixEditor";
			};
			name = Debug;
		};
		09F94B140EC11898DFDC4C88 /* Debug */ = {
			isa = XCBuildConfiguration;
			buildSettings = {
				ALWAYS_SEARCH_USER_PATHS = NO;
				CLANG_ANALYZER_NONNULL = YES;
				CLANG_ANALYZER_NUMBER_OBJECT_CONVERSION = YES_AGGRESSIVE;
				CLANG_CXX_LANGUAGE_STANDARD = "gnu++14";
				CLANG_CXX_LIBRARY = "libc++";
				CLANG_ENABLE_MODULES = YES;
				CLANG_ENABLE_OBJC_ARC = YES;
				CLANG_ENABLE_OBJC_WEAK = YES;
				CLANG_WARN_BLOCK_CAPTURE_AUTORELEASING = YES;
				CLANG_WARN_BOOL_CONVERSION = YES;
				CLANG_WARN_COMMA = YES;
				CLANG_WARN_CONSTANT_CONVERSION = YES;
				CLANG_WARN_DEPRECATED_OBJC_IMPLEMENTATIONS = YES;
				CLANG_WARN_DIRECT_OBJC_ISA_USAGE = YES_ERROR;
				CLANG_WARN_DOCUMENTATION_COMMENTS = YES;
				CLANG_WARN_EMPTY_BODY = YES;
				CLANG_WARN_ENUM_CONVERSION = YES;
				CLANG_WARN_INFINITE_RECURSION = YES;
				CLANG_WARN_INT_CONVERSION = YES;
				CLANG_WARN_NON_LITERAL_NULL_CONVERSION = YES;
				CLANG_WARN_OBJC_IMPLICIT_RETAIN_SELF = YES;
				CLANG_WARN_OBJC_LITERAL_CONVERSION = YES;
				CLANG_WARN_OBJC_ROOT_CLASS = YES_ERROR;
				CLANG_WARN_QUOTED_INCLUDE_IN_FRAMEWORK_HEADER = YES;
				CLANG_WARN_RANGE_LOOP_ANALYSIS = YES;
				CLANG_WARN_STRICT_PROTOTYPES = YES;
				CLANG_WARN_SUSPICIOUS_MOVE = YES;
				CLANG_WARN_UNGUARDED_AVAILABILITY = YES_AGGRESSIVE;
				CLANG_WARN_UNREACHABLE_CODE = YES;
				CLANG_WARN__DUPLICATE_METHOD_MATCH = YES;
				COPY_PHASE_STRIP = NO;
				DEBUG_INFORMATION_FORMAT = dwarf;
				ENABLE_STRICT_OBJC_MSGSEND = YES;
				ENABLE_TESTABILITY = YES;
				GCC_C_LANGUAGE_STANDARD = gnu11;
				GCC_DYNAMIC_NO_PIC = NO;
				GCC_NO_COMMON_BLOCKS = YES;
				GCC_OPTIMIZATION_LEVEL = 0;
				GCC_PREPROCESSOR_DEFINITIONS = (
					"$(inherited)",
					"DEBUG=1",
				);
				GCC_WARN_64_TO_32_BIT_CONVERSION = YES;
				GCC_WARN_ABOUT_RETURN_TYPE = YES_ERROR;
				GCC_WARN_UNDECLARED_SELECTOR = YES;
				GCC_WARN_UNINITIALIZED_AUTOS = YES_AGGRESSIVE;
				GCC_WARN_UNUSED_FUNCTION = YES;
				GCC_WARN_UNUSED_VARIABLE = YES;
				IPHONEOS_DEPLOYMENT_TARGET = 17.0;
				MTL_ENABLE_DEBUG_INFO = INCLUDE_SOURCE;
				MTL_FAST_MATH = YES;
				ONLY_ACTIVE_ARCH = YES;
				PRODUCT_NAME = "$(TARGET_NAME)";
				SDKROOT = iphoneos;
				SWIFT_ACTIVE_COMPILATION_CONDITIONS = DEBUG;
				SWIFT_OPTIMIZATION_LEVEL = "-Onone";
				SWIFT_VERSION = 5.0;
			};
			name = Debug;
		};
		0B77AB1E887C0D2B55A9D960 /* Debug */ = {
			isa = XCBuildConfiguration;
			buildSettings = {
				ASSETCATALOG_COMPILER_APPICON_NAME = AppIcon;
				CODE_SIGN_IDENTITY = "iPhone Developer";
				CODE_SIGN_STYLE = Automatic;
				CURRENT_PROJECT_VERSION = 1;
				DEVELOPMENT_TEAM = 5BZL4WMZ53;
				ENABLE_PREVIEWS = YES;
				GENERATE_INFOPLIST_FILE = YES;
				INFOPLIST_FILE = "Generated-Info.plist";
				INFOPLIST_KEY_UILaunchScreen_Generation = YES;
				INFOPLIST_KEY_UISupportedInterfaceOrientations = UIInterfaceOrientationPortrait;
				LD_RUNPATH_SEARCH_PATHS = (
					"$(inherited)",
					"@executable_path/Frameworks",
				);
				MARKETING_VERSION = 1.0;
				PRODUCT_BUNDLE_IDENTIFIER = com.neonix.editor;
				SDKROOT = iphoneos;
				SWIFT_VERSION = 5.0;
				TARGETED_DEVICE_FAMILY = 1;
			};
			name = Debug;
		};
		3CA323BA69F2E361C4A1AA94 /* Release */ = {
			isa = XCBuildConfiguration;
			buildSettings = {
				BUNDLE_LOADER = "$(TEST_HOST)";
				GENERATE_INFOPLIST_FILE = YES;
				LD_RUNPATH_SEARCH_PATHS = (
					"$(inherited)",
					"@executable_path/Frameworks",
					"@loader_path/Frameworks",
				);
				SDKROOT = iphoneos;
				SWIFT_VERSION = 5.0;
				TARGETED_DEVICE_FAMILY = "1,2";
				TEST_HOST = "$(BUILT_PRODUCTS_DIR)/NeonixEditor.app/NeonixEditor";
			};
			name = Release;
		};
		785B0FFFBC9716FF1CE21825 /* Release */ = {
			isa = XCBuildConfiguration;
			buildSettings = {
				ASSETCATALOG_COMPILER_APPICON_NAME = AppIcon;
				CODE_SIGN_IDENTITY = "iPhone Developer";
				CODE_SIGN_STYLE = Automatic;
				CURRENT_PROJECT_VERSION = 1;
				DEVELOPMENT_TEAM = 5BZL4WMZ53;
				ENABLE_PREVIEWS = YES;
				GENERATE_INFOPLIST_FILE = YES;
				INFOPLIST_FILE = "Generated-Info.plist";
				INFOPLIST_KEY_UILaunchScreen_Generation = YES;
				INFOPLIST_KEY_UISupportedInterfaceOrientations = UIInterfaceOrientationPortrait;
				LD_RUNPATH_SEARCH_PATHS = (
					"$(inherited)",
					"@executable_path/Frameworks",
				);
				MARKETING_VERSION = 1.0;
				PRODUCT_BUNDLE_IDENTIFIER = com.neonix.editor;
				SDKROOT = iphoneos;
				SWIFT_VERSION = 5.0;
				TARGETED_DEVICE_FAMILY = 1;
			};
			name = Release;
		};
		7C89BE8DF97FF7C37338D8F1 /* Release */ = {
			isa = XCBuildConfiguration;
			buildSettings = {
				ALWAYS_SEARCH_USER_PATHS = NO;
				CLANG_ANALYZER_NONNULL = YES;
				CLANG_ANALYZER_NUMBER_OBJECT_CONVERSION = YES_AGGRESSIVE;
				CLANG_CXX_LANGUAGE_STANDARD = "gnu++14";
				CLANG_CXX_LIBRARY = "libc++";
				CLANG_ENABLE_MODULES = YES;
				CLANG_ENABLE_OBJC_ARC = YES;
				CLANG_ENABLE_OBJC_WEAK = YES;
				CLANG_WARN_BLOCK_CAPTURE_AUTORELEASING = YES;
				CLANG_WARN_BOOL_CONVERSION = YES;
				CLANG_WARN_COMMA = YES;
				CLANG_WARN_CONSTANT_CONVERSION = YES;
				CLANG_WARN_DEPRECATED_OBJC_IMPLEMENTATIONS = YES;
				CLANG_WARN_DIRECT_OBJC_ISA_USAGE = YES_ERROR;
				CLANG_WARN_DOCUMENTATION_COMMENTS = YES;
				CLANG_WARN_EMPTY_BODY = YES;
				CLANG_WARN_ENUM_CONVERSION = YES;
				CLANG_WARN_INFINITE_RECURSION = YES;
				CLANG_WARN_INT_CONVERSION = YES;
				CLANG_WARN_NON_LITERAL_NULL_CONVERSION = YES;
				CLANG_WARN_OBJC_IMPLICIT_RETAIN_SELF = YES;
				CLANG_WARN_OBJC_LITERAL_CONVERSION = YES;
				CLANG_WARN_OBJC_ROOT_CLASS = YES_ERROR;
				CLANG_WARN_QUOTED_INCLUDE_IN_FRAMEWORK_HEADER = YES;
				CLANG_WARN_RANGE_LOOP_ANALYSIS = YES;
				CLANG_WARN_STRICT_PROTOTYPES = YES;
				CLANG_WARN_SUSPICIOUS_MOVE = YES;
				CLANG_WARN_UNGUARDED_AVAILABILITY = YES_AGGRESSIVE;
				CLANG_WARN_UNREACHABLE_CODE = YES;
				CLANG_WARN__DUPLICATE_METHOD_MATCH = YES;
				COPY_PHASE_STRIP = NO;
				DEBUG_INFORMATION_FORMAT = "dwarf-with-dsym";
				ENABLE_NS_ASSERTIONS = NO;
				ENABLE_STRICT_OBJC_MSGSEND = YES;
				GCC_C_LANGUAGE_STANDARD = gnu11;
				GCC_NO_COMMON_BLOCKS = YES;
				GCC_WARN_64_TO_32_BIT_CONVERSION = YES;
				GCC_WARN_ABOUT_RETURN_TYPE = YES_ERROR;
				GCC_WARN_UNDECLARED_SELECTOR = YES;
				GCC_WARN_UNINITIALIZED_AUTOS = YES_AGGRESSIVE;
				GCC_WARN_UNUSED_FUNCTION = YES;
				GCC_WARN_UNUSED_VARIABLE = YES;
				IPHONEOS_DEPLOYMENT_TARGET = 17.0;
				MTL_ENABLE_DEBUG_INFO = NO;
				MTL_FAST_MATH = YES;
				PRODUCT_NAME = "$(TARGET_NAME)";
				SDKROOT = iphoneos;
				SWIFT_COMPILATION_MODE = wholemodule;
				SWIFT_OPTIMIZATION_LEVEL = "-O";
				SWIFT_VERSION = 5.0;
			};
			name = Release;
		};
		F7F8585EC24DDE60DE6F1234 /* Release */ = {
			isa = XCBuildConfiguration;
			buildSettings = {
				BUNDLE_LOADER = "$(TEST_HOST)";
				GENERATE_INFOPLIST_FILE = YES;
				LD_RUNPATH_SEARCH_PATHS = (
					"$(inherited)",
					"@executable_path/Frameworks",
					"@loader_path/Frameworks",
				);
				SDKROOT = iphoneos;
				SWIFT_VERSION = 5.0;
				TARGETED_DEVICE_FAMILY = "1,2";
				TEST_TARGET_NAME = NeonixEditor;
			};
			name = Release;
		};
		FE614EA401302298726C2ED2 /* Debug */ = {
			isa = XCBuildConfiguration;
			buildSettings = {
				BUNDLE_LOADER = "$(TEST_HOST)";
				GENERATE_INFOPLIST_FILE = YES;
				LD_RUNPATH_SEARCH_PATHS = (
					"$(inherited)",
					"@executable_path/Frameworks",
					"@loader_path/Frameworks",
				);
				SDKROOT = iphoneos;
				SWIFT_VERSION = 5.0;
				TARGETED_DEVICE_FAMILY = "1,2";
				TEST_TARGET_NAME = NeonixEditor;
			};
			name = Debug;
		};
/* End XCBuildConfiguration section */

/* Begin XCConfigurationList section */
		3BC4A4AFFF822DD78ADE70CF /* Build configuration list for PBXProject "NeonixEditor" */ = {
			isa = XCConfigurationList;
			buildConfigurations = (
				09F94B140EC11898DFDC4C88 /* Debug */,
				7C89BE8DF97FF7C37338D8F1 /* Release */,
			);
			defaultConfigurationIsVisible = 0;
			defaultConfigurationName = Debug;
		};
		469D2754CC2DC3866D0DFA3B /* Build configuration list for PBXNativeTarget "NeonixEditor" */ = {
			isa = XCConfigurationList;
			buildConfigurations = (
				0B77AB1E887C0D2B55A9D960 /* Debug */,
				785B0FFFBC9716FF1CE21825 /* Release */,
			);
			defaultConfigurationIsVisible = 0;
			defaultConfigurationName = Debug;
		};
		61A8D8F76A7965FC26CAAC86 /* Build configuration list for PBXNativeTarget "NeonixEditorUITests" */ = {
			isa = XCConfigurationList;
			buildConfigurations = (
				FE614EA401302298726C2ED2 /* Debug */,
				F7F8585EC24DDE60DE6F1234 /* Release */,
			);
			defaultConfigurationIsVisible = 0;
			defaultConfigurationName = Debug;
		};
		D3D1928DAD84AE9F00244111 /* Build configuration list for PBXNativeTarget "NeonixEditorTests" */ = {
			isa = XCConfigurationList;
			buildConfigurations = (
				0199055871D834E14E2593BD /* Debug */,
				3CA323BA69F2E361C4A1AA94 /* Release */,
			);
			defaultConfigurationIsVisible = 0;
			defaultConfigurationName = Debug;
		};
/* End XCConfigurationList section */
	};
	rootObject = 4D557A8450E778D81C8785CB /* Project object */;
}
